// !$*UTF8*$!
{
	archiveVersion = 1;
	classes = {
	};
	objectVersion = 46;
	objects = {

/* Begin PBXBuildFile section */
		A538C8961E125AC200051FEF /* main.cpp in Sources */ = {isa = PBXBuildFile; fileRef = A538C8951E125AC200051FEF /* main.cpp */; };
		A578A2921E105FAC001AEE6F /* README.md in Sources */ = {isa = PBXBuildFile; fileRef = A578A28D1E105FAC001AEE6F /* README.md */; };
		A578A2941E1061B4001AEE6F /* main.cpp in Sources */ = {isa = PBXBuildFile; fileRef = A578A2931E1061B4001AEE6F /* main.cpp */; };
/* End PBXBuildFile section */

/* Begin PBXCopyFilesBuildPhase section */
		A578A27E1E105F54001AEE6F /* CopyFiles */ = {
			isa = PBXCopyFilesBuildPhase;
			buildActionMask = 2147483647;
			dstPath = /usr/share/man/man1/;
			dstSubfolderSpec = 0;
			files = (
			);
			runOnlyForDeploymentPostprocessing = 1;
		};
/* End PBXCopyFilesBuildPhase section */

/* Begin PBXFileReference section */
		A538C8941E12560600051FEF /* QuickSort */ = {isa = PBXFileReference; lastKnownFileType = folder; name = QuickSort; path = ../programming_practice/QuickSort; sourceTree = "<group>"; };
		A538C8951E125AC200051FEF /* main.cpp */ = {isa = PBXFileReference; fileEncoding = 4; lastKnownFileType = sourcecode.cpp.cpp; path = main.cpp; sourceTree = SOURCE_ROOT; };
		A578A2801E105F54001AEE6F /* programming_practice */ = {isa = PBXFileReference; explicitFileType = "compiled.mach-o.executable"; includeInIndex = 0; path = programming_practice; sourceTree = BUILT_PRODUCTS_DIR; };
		A578A28A1E105FAC001AEE6F /* cs50git */ = {isa = PBXFileReference; lastKnownFileType = folder; path = cs50git; sourceTree = "<group>"; };
		A578A28B1E105FAC001AEE6F /* hashT */ = {isa = PBXFileReference; lastKnownFileType = folder; path = hashT; sourceTree = "<group>"; };
		A578A28C1E105FAC001AEE6F /* matrixMult */ = {isa = PBXFileReference; lastKnownFileType = folder; path = matrixMult; sourceTree = "<group>"; };
		A578A28D1E105FAC001AEE6F /* README.md */ = {isa = PBXFileReference; fileEncoding = 4; lastKnownFileType = net.daringfireball.markdown; path = README.md; sourceTree = "<group>"; };
		A578A28E1E105FAC001AEE6F /* SelectionSort */ = {isa = PBXFileReference; lastKnownFileType = folder; path = SelectionSort; sourceTree = "<group>"; };
		A578A28F1E105FAC001AEE6F /* BubbleSort */ = {isa = PBXFileReference; lastKnownFileType = folder; path = BubbleSort; sourceTree = "<group>"; };
		A578A2901E105FAC001AEE6F /* InsertionSort */ = {isa = PBXFileReference; lastKnownFileType = folder; path = InsertionSort; sourceTree = "<group>"; };
		A578A2911E105FAC001AEE6F /* LICENSE */ = {isa = PBXFileReference; fileEncoding = 4; lastKnownFileType = text; path = LICENSE; sourceTree = "<group>"; };
		A578A2931E1061B4001AEE6F /* main.cpp */ = {isa = PBXFileReference; fileEncoding = 4; lastKnownFileType = sourcecode.cpp.cpp; name = main.cpp; path = practice/main.cpp; sourceTree = SOURCE_ROOT; };
/* End PBXFileReference section */

/* Begin PBXFrameworksBuildPhase section */
		A578A27D1E105F54001AEE6F /* Frameworks */ = {
			isa = PBXFrameworksBuildPhase;
			buildActionMask = 2147483647;
			files = (
			);
			runOnlyForDeploymentPostprocessing = 0;
		};
/* End PBXFrameworksBuildPhase section */

/* Begin PBXGroup section */
		A578A2771E105F54001AEE6F = {
			isa = PBXGroup;
			children = (
				A538C8941E12560600051FEF /* QuickSort */,
				A578A28A1E105FAC001AEE6F /* cs50git */,
				A578A28B1E105FAC001AEE6F /* hashT */,
				A578A28C1E105FAC001AEE6F /* matrixMult */,
				A578A28D1E105FAC001AEE6F /* README.md */,
				A578A28E1E105FAC001AEE6F /* SelectionSort */,
				A578A28F1E105FAC001AEE6F /* BubbleSort */,
				A578A2901E105FAC001AEE6F /* InsertionSort */,
				A578A2911E105FAC001AEE6F /* LICENSE */,
				A578A2821E105F54001AEE6F /* practice */,
				A578A2811E105F54001AEE6F /* Products */,
			);
			sourceTree = "<group>";
		};
		A578A2811E105F54001AEE6F /* Products */ = {
			isa = PBXGroup;
			children = (
				A578A2801E105F54001AEE6F /* programming_practice */,
			);
			name = Products;
			sourceTree = "<group>";
		};
		A578A2821E105F54001AEE6F /* practice */ = {
			isa = PBXGroup;
			children = (
				A578A2931E1061B4001AEE6F /* main.cpp */,
				A538C8951E125AC200051FEF /* main.cpp */,
			);
			name = practice;
			path = programming_practice;
			sourceTree = "<group>";
		};
/* End PBXGroup section */

/* Begin PBXNativeTarget section */
		A578A27F1E105F54001AEE6F /* programming_practice */ = {
			isa = PBXNativeTarget;
			buildConfigurationList = A578A2871E105F54001AEE6F /* Build configuration list for PBXNativeTarget "programming_practice" */;
			buildPhases = (
				A578A27C1E105F54001AEE6F /* Sources */,
				A578A27D1E105F54001AEE6F /* Frameworks */,
				A578A27E1E105F54001AEE6F /* CopyFiles */,
			);
			buildRules = (
			);
			dependencies = (
			);
			name = programming_practice;
			productName = programming_practice;
			productReference = A578A2801E105F54001AEE6F /* programming_practice */;
			productType = "com.apple.product-type.tool";
		};
/* End PBXNativeTarget section */

/* Begin PBXProject section */
		A578A2781E105F54001AEE6F /* Project object */ = {
			isa = PBXProject;
			attributes = {
				LastUpgradeCheck = 0820;
				ORGANIZATIONNAME = "Sergey Nasonov";
				TargetAttributes = {
					A578A27F1E105F54001AEE6F = {
						CreatedOnToolsVersion = 8.2.1;
						DevelopmentTeam = ZR9L365CY8;
						ProvisioningStyle = Automatic;
					};
				};
			};
			buildConfigurationList = A578A27B1E105F54001AEE6F /* Build configuration list for PBXProject "programming_practice" */;
			compatibilityVersion = "Xcode 3.2";
			developmentRegion = English;
			hasScannedForEncodings = 0;
			knownRegions = (
				en,
			);
			mainGroup = A578A2771E105F54001AEE6F;
			productRefGroup = A578A2811E105F54001AEE6F /* Products */;
			projectDirPath = "";
			projectRoot = "";
			targets = (
				A578A27F1E105F54001AEE6F /* programming_practice */,
			);
		};
/* End PBXProject section */

/* Begin PBXSourcesBuildPhase section */
		A578A27C1E105F54001AEE6F /* Sources */ = {
			isa = PBXSourcesBuildPhase;
			buildActionMask = 2147483647;
			files = (
				A578A2921E105FAC001AEE6F /* README.md in Sources */,
				A578A2941E1061B4001AEE6F /* main.cpp in Sources */,
				A538C8961E125AC200051FEF /* main.cpp in Sources */,
			);
			runOnlyForDeploymentPostprocessing = 0;
		};
/* End PBXSourcesBuildPhase section */

/* Begin XCBuildConfiguration section */
		A578A2851E105F54001AEE6F /* Debug */ = {
			isa = XCBuildConfiguration;
			buildSettings = {
				ALWAYS_SEARCH_USER_PATHS = NO;
				CLANG_ANALYZER_NONNULL = YES;
				CLANG_CXX_LANGUAGE_STANDARD = "gnu++0x";
				CLANG_CXX_LIBRARY = "libc++";
				CLANG_ENABLE_MODULES = YES;
				CLANG_ENABLE_OBJC_ARC = YES;
				CLANG_WARN_BOOL_CONVERSION = YES;
				CLANG_WARN_CONSTANT_CONVERSION = YES;
				CLANG_WARN_DIRECT_OBJC_ISA_USAGE = YES_ERROR;
				CLANG_WARN_DOCUMENTATION_COMMENTS = YES;
				CLANG_WARN_EMPTY_BODY = YES;
				CLANG_WARN_ENUM_CONVERSION = YES;
				CLANG_WARN_INFINITE_RECURSION = YES;
				CLANG_WARN_INT_CONVERSION = YES;
				CLANG_WARN_OBJC_ROOT_CLASS = YES_ERROR;
				CLANG_WARN_SUSPICIOUS_MOVE = YES;
				CLANG_WARN_UNREACHABLE_CODE = YES;
				CLANG_WARN__DUPLICATE_METHOD_MATCH = YES;
				CODE_SIGN_IDENTITY = "-";
				COPY_PHASE_STRIP = NO;
				DEBUG_INFORMATION_FORMAT = dwarf;
				ENABLE_STRICT_OBJC_MSGSEND = YES;
				ENABLE_TESTABILITY = YES;
				GCC_C_LANGUAGE_STANDARD = gnu99;
				GCC_DYNAMIC_NO_PIC = NO;
				GCC_NO_COMMON_BLOCKS = YES;
				GCC_OPTIMIZATION_LEVEL = 0;
				GCC_PREPROCESSOR_DEFINITIONS = (
					"DEBUG=1",
					"$(inherited)",
				);
				GCC_WARN_64_TO_32_BIT_CONVERSION = YES;
				GCC_WARN_ABOUT_RETURN_TYPE = YES_ERROR;
				GCC_WARN_UNDECLARED_SELECTOR = YES;
				GCC_WARN_UNINITIALIZED_AUTOS = YES_AGGRESSIVE;
				GCC_WARN_UNUSED_FUNCTION = YES;
				GCC_WARN_UNUSED_VARIABLE = YES;
				MACOSX_DEPLOYMENT_TARGET = 10.12;
				MTL_ENABLE_DEBUG_INFO = YES;
				ONLY_ACTIVE_ARCH = YES;
				SDKROOT = macosx;
			};
			name = Debug;
		};
		A578A2861E105F54001AEE6F /* Release */ = {
			isa = XCBuildConfiguration;
			buildSettings = {
				ALWAYS_SEARCH_USER_PATHS = NO;
				CLANG_ANALYZER_NONNULL = YES;
				CLANG_CXX_LANGUAGE_STANDARD = "gnu++0x";
				CLANG_CXX_LIBRARY = "libc++";
				CLANG_ENABLE_MODULES = YES;
				CLANG_ENABLE_OBJC_ARC = YES;
				CLANG_WARN_BOOL_CONVERSION = YES;
				CLANG_WARN_CONSTANT_CONVERSION = YES;
				CLANG_WARN_DIRECT_OBJC_ISA_USAGE = YES_ERROR;
				CLANG_WARN_DOCUMENTATION_COMMENTS = YES;
				CLANG_WARN_EMPTY_BODY = YES;
				CLANG_WARN_ENUM_CONVERSION = YES;
				CLANG_WARN_INFINITE_RECURSION = YES;
				CLANG_WARN_INT_CONVERSION = YES;
				CLANG_WARN_OBJC_ROOT_CLASS = YES_ERROR;
				CLANG_WARN_SUSPICIOUS_MOVE = YES;
				CLANG_WARN_UNREACHABLE_CODE = YES;
				CLANG_WARN__DUPLICATE_METHOD_MATCH = YES;
				CODE_SIGN_IDENTITY = "-";
				COPY_PHASE_STRIP = NO;
				DEBUG_INFORMATION_FORMAT = "dwarf-with-dsym";
				ENABLE_NS_ASSERTIONS = NO;
				ENABLE_STRICT_OBJC_MSGSEND = YES;
				GCC_C_LANGUAGE_STANDARD = gnu99;
				GCC_NO_COMMON_BLOCKS = YES;
				GCC_WARN_64_TO_32_BIT_CONVERSION = YES;
				GCC_WARN_ABOUT_RETURN_TYPE = YES_ERROR;
				GCC_WARN_UNDECLARED_SELECTOR = YES;
				GCC_WARN_UNINITIALIZED_AUTOS = YES_AGGRESSIVE;
				GCC_WARN_UNUSED_FUNCTION = YES;
				GCC_WARN_UNUSED_VARIABLE = YES;
				MACOSX_DEPLOYMENT_TARGET = 10.12;
				MTL_ENABLE_DEBUG_INFO = NO;
				SDKROOT = macosx;
			};
			name = Release;
		};
		A578A2881E105F54001AEE6F /* Debug */ = {
			isa = XCBuildConfiguration;
			buildSettings = {
				CODE_SIGN_IDENTITY = "Mac Developer";
				DEVELOPMENT_TEAM = ZR9L365CY8;
				PRODUCT_NAME = "$(TARGET_NAME)";
			};
			name = Debug;
		};
		A578A2891E105F54001AEE6F /* Release */ = {
			isa = XCBuildConfiguration;
			buildSettings = {
				CODE_SIGN_IDENTITY = "Mac Developer";
				DEVELOPMENT_TEAM = ZR9L365CY8;
				PRODUCT_NAME = "$(TARGET_NAME)";
			};
			name = Release;
		};
/* End XCBuildConfiguration section */

/* Begin XCConfigurationList section */
		A578A27B1E105F54001AEE6F /* Build configuration list for PBXProject "programming_practice" */ = {
			isa = XCConfigurationList;
			buildConfigurations = (
				A578A2851E105F54001AEE6F /* Debug */,
				A578A2861E105F54001AEE6F /* Release */,
			);
			defaultConfigurationIsVisible = 0;
			defaultConfigurationName = Release;
		};
		A578A2871E105F54001AEE6F /* Build configuration list for PBXNativeTarget "programming_practice" */ = {
			isa = XCConfigurationList;
			buildConfigurations = (
				A578A2881E105F54001AEE6F /* Debug */,
				A578A2891E105F54001AEE6F /* Release */,
			);
			defaultConfigurationIsVisible = 0;
			defaultConfigurationName = Release;
		};
/* End XCConfigurationList section */
	};
	rootObject = A578A2781E105F54001AEE6F /* Project object */;
}
